
Microsoft Visual Studio Solution File, Format Version 12.00
# Visual Studio Version 17
VisualStudioVersion = 17.0.31903.59
MinimumVisualStudioVersion = 10.0.40219.1
Project("{FAE04EC0-301F-11D3-BF4B-00C04F79EFBC}") = "Supplement_P1-3", "Supplement_P1-3\Supplement_P1-3.csproj", "{140CCC3B-555E-44B2-A6A0-C6ABDF246C76}"
EndProject
Project("{FAE04EC0-301F-11D3-BF4B-00C04F79EFBC}") = "Supplement_P1-3.Tests", "Supplement_P1-3.Tests\Supplement_P1-3.Tests.csproj", "{A6E312DB-F59F-41E7-8763-DB13A18519B5}"
EndProject
Global
	GlobalSection(SolutionConfigurationPlatforms) = preSolution
		Debug|Any CPU = Debug|Any CPU
		Release|Any CPU = Release|Any CPU
	EndGlobalSection
	GlobalSection(SolutionProperties) = preSolution
		HideSolutionNode = FALSE
	EndGlobalSection
	GlobalSection(ProjectConfigurationPlatforms) = postSolution
		{140CCC3B-555E-44B2-A6A0-C6ABDF246C76}.Debug|Any CPU.ActiveCfg = Debug|Any CPU
		{140CCC3B-555E-44B2-A6A0-C6ABDF246C76}.Debug|Any CPU.Build.0 = Debug|Any CPU
		{140CCC3B-555E-44B2-A6A0-C6ABDF246C76}.Release|Any CPU.ActiveCfg = Release|Any CPU
		{140CCC3B-555E-44B2-A6A0-C6ABDF246C76}.Release|Any CPU.Build.0 = Release|Any CPU
		{A6E312DB-F59F-41E7-8763-DB13A18519B5}.Debug|Any CPU.ActiveCfg = Debug|Any CPU
		{A6E312DB-F59F-41E7-8763-DB13A18519B5}.Debug|Any CPU.Build.0 = Debug|Any CPU
		{A6E312DB-F59F-41E7-8763-DB13A18519B5}.Release|Any CPU.ActiveCfg = Release|Any CPU
		{A6E312DB-F59F-41E7-8763-DB13A18519B5}.Release|Any CPU.Build.0 = Release|Any CPU
	EndGlobalSection
EndGlobal
